
Microsoft Visual Studio Solution File, Format Version 12.00
# Visual Studio 15
VisualStudioVersion = 15.0.28307.136
MinimumVisualStudioVersion = 10.0.40219.1
Project("{FAE04EC0-301F-11D3-BF4B-00C04F79EFBC}") = "souvenirshop", "souvenirshop\souvenirshop.csproj", "{F1C6DCD6-54A6-484B-8656-AB1F82C56E5E}"
EndProject
Global
	GlobalSection(SolutionConfigurationPlatforms) = preSolution
		Debug|Any CPU = Debug|Any CPU
		Release|Any CPU = Release|Any CPU
	EndGlobalSection
	GlobalSection(ProjectConfigurationPlatforms) = postSolution
		{F1C6DCD6-54A6-484B-8656-AB1F82C56E5E}.Debug|Any CPU.ActiveCfg = Debug|Any CPU
		{F1C6DCD6-54A6-484B-8656-AB1F82C56E5E}.Debug|Any CPU.Build.0 = Debug|Any CPU
		{F1C6DCD6-54A6-484B-8656-AB1F82C56E5E}.Release|Any CPU.ActiveCfg = Release|Any CPU
		{F1C6DCD6-54A6-484B-8656-AB1F82C56E5E}.Release|Any CPU.Build.0 = Release|Any CPU
	EndGlobalSection
	GlobalSection(SolutionProperties) = preSolution
		HideSolutionNode = FALSE
	EndGlobalSection
	GlobalSection(ExtensibilityGlobals) = postSolution
		SolutionGuid = {0378E141-EFB8-4FA6-87E4-51FC72D6AF0F}
	EndGlobalSection
EndGlobal
